// !$*UTF8*$!
{
	archiveVersion = 1;
	classes = {
	};
	objectVersion = 50;
	objects = {

/* Begin PBXBuildFile section */
		D603BA9524647FA8005DE362 /* Two_Strings.swift in Sources */ = {isa = PBXBuildFile; fileRef = D603BA9424647FA8005DE362 /* Two_Strings.swift */; };
		D603BA972464874B005DE362 /* SherlockAnagrams.swift in Sources */ = {isa = PBXBuildFile; fileRef = D603BA962464874B005DE362 /* SherlockAnagrams.swift */; };
		D603BAB72466A985005DE362 /* Min_Swaps.swift in Sources */ = {isa = PBXBuildFile; fileRef = D603BAB62466A985005DE362 /* Min_Swaps.swift */; };
		D603BAB92466BE93005DE362 /* Codility.swift in Sources */ = {isa = PBXBuildFile; fileRef = D603BAB82466BE93005DE362 /* Codility.swift */; };
		D60C1257246DACC100C5B5C8 /* MinBuildingPaintingCost.swift in Sources */ = {isa = PBXBuildFile; fileRef = D60C1256246DACC100C5B5C8 /* MinBuildingPaintingCost.swift */; };
		D61DE05E25398C0400A17BC6 /* Queue.swift in Sources */ = {isa = PBXBuildFile; fileRef = D61DE05D25398C0400A17BC6 /* Queue.swift */; };
		D61DE060253AC8BD00A17BC6 /* TurnstileProblem.swift in Sources */ = {isa = PBXBuildFile; fileRef = D61DE05F253AC8BD00A17BC6 /* TurnstileProblem.swift */; };
		D61DE090253B141A00A17BC6 /* MaxSumOfTwoNumInArray.swift in Sources */ = {isa = PBXBuildFile; fileRef = D61DE08F253B141A00A17BC6 /* MaxSumOfTwoNumInArray.swift */; };
		D61DE092253B14B300A17BC6 /* FowlHenEggProblem.swift in Sources */ = {isa = PBXBuildFile; fileRef = D61DE091253B14B300A17BC6 /* FowlHenEggProblem.swift */; };
		D61DE09A253B340800A17BC6 /* FowlHenEggProblemTests.swift in Sources */ = {isa = PBXBuildFile; fileRef = D61DE099253B340800A17BC6 /* FowlHenEggProblemTests.swift */; };
		D65D6E2A2473C5D500D008A7 /* StingsHasAllSubStringChars.swift in Sources */ = {isa = PBXBuildFile; fileRef = D65D6E292473C5D500D008A7 /* StingsHasAllSubStringChars.swift */; };
		D660A5E424683E200083228D /* CountTriplets.swift in Sources */ = {isa = PBXBuildFile; fileRef = D660A5E324683E200083228D /* CountTriplets.swift */; };
		D66B30FF24607C6B00810290 /* SockMerchant.swift in Sources */ = {isa = PBXBuildFile; fileRef = D66B30FE24607C6B00810290 /* SockMerchant.swift */; };
		D66B3101246085D700810290 /* CountingValleys.swift in Sources */ = {isa = PBXBuildFile; fileRef = D66B3100246085D700810290 /* CountingValleys.swift */; };
		D66B31052461CFBC00810290 /* JumpingOnTheCloud.swift in Sources */ = {isa = PBXBuildFile; fileRef = D66B31042461CFBC00810290 /* JumpingOnTheCloud.swift */; };
		D66B31072461E07600810290 /* RepeatedString.swift in Sources */ = {isa = PBXBuildFile; fileRef = D66B31062461E07600810290 /* RepeatedString.swift */; };
		D66B316824630DB500810290 /* ArrayRotation.swift in Sources */ = {isa = PBXBuildFile; fileRef = D66B316724630DB500810290 /* ArrayRotation.swift */; };
		D66B316A24631DB400810290 /* NewYearChaos.swift in Sources */ = {isa = PBXBuildFile; fileRef = D66B316924631DB400810290 /* NewYearChaos.swift */; };
		D66B316C2464750500810290 /* Ransom_Note.swift in Sources */ = {isa = PBXBuildFile; fileRef = D66B316B2464750500810290 /* Ransom_Note.swift */; };
		D66C659A253B9561006B3CD9 /* StockPrice.swift in Sources */ = {isa = PBXBuildFile; fileRef = D66C6599253B9561006B3CD9 /* StockPrice.swift */; };
		D66C65A0253BB345006B3CD9 /* Data in Resources */ = {isa = PBXBuildFile; fileRef = D66C659F253BB344006B3CD9 /* Data */; };
		D69593EA280FBBF900669793 /* IndexPairInArrayForAGivenSum.swift in Sources */ = {isa = PBXBuildFile; fileRef = D69593E9280FBBF900669793 /* IndexPairInArrayForAGivenSum.swift */; };
		D69BBE12245EC5D200D6E6E6 /* ArrayPairs.swift in Sources */ = {isa = PBXBuildFile; fileRef = D69BBE11245EC5D200D6E6E6 /* ArrayPairs.swift */; };
		D6A0DE1C246B12E400541086 /* MarkAndToys.swift in Sources */ = {isa = PBXBuildFile; fileRef = D6A0DE1B246B12E400541086 /* MarkAndToys.swift */; };
		D6A0DE1E246B1A1B00541086 /* FraudulentActivityNotification.swift in Sources */ = {isa = PBXBuildFile; fileRef = D6A0DE1D246B1A1B00541086 /* FraudulentActivityNotification.swift */; };
		D6AFD67C245C111D0021D081 /* MaxSum_HourGlass.swift in Sources */ = {isa = PBXBuildFile; fileRef = D6AFD67B245C111D0021D081 /* MaxSum_HourGlass.swift */; };
		D6AFD67E245C2B150021D081 /* DynamicArray.swift in Sources */ = {isa = PBXBuildFile; fileRef = D6AFD67D245C2B150021D081 /* DynamicArray.swift */; };
		D6AFD6B3245D73A70021D081 /* ArrayManipulation.swift in Sources */ = {isa = PBXBuildFile; fileRef = D6AFD6B2245D73A70021D081 /* ArrayManipulation.swift */; };
		D6CE73CB2455CEDA00D3F548 /* AppDelegate.swift in Sources */ = {isa = PBXBuildFile; fileRef = D6CE73CA2455CEDA00D3F548 /* AppDelegate.swift */; };
		D6CE73CF2455CEDA00D3F548 /* ViewController.swift in Sources */ = {isa = PBXBuildFile; fileRef = D6CE73CE2455CEDA00D3F548 /* ViewController.swift */; };
		D6CE73D22455CEDA00D3F548 /* Main.storyboard in Resources */ = {isa = PBXBuildFile; fileRef = D6CE73D02455CEDA00D3F548 /* Main.storyboard */; };
		D6CE73D42455CEDC00D3F548 /* Assets.xcassets in Resources */ = {isa = PBXBuildFile; fileRef = D6CE73D32455CEDC00D3F548 /* Assets.xcassets */; };
		D6CE73D72455CEDC00D3F548 /* LaunchScreen.storyboard in Resources */ = {isa = PBXBuildFile; fileRef = D6CE73D52455CEDC00D3F548 /* LaunchScreen.storyboard */; };
		D6CE73DF2455CF3C00D3F548 /* FizzBuzz.swift in Sources */ = {isa = PBXBuildFile; fileRef = D6CE73DE2455CF3C00D3F548 /* FizzBuzz.swift */; };
		D6CE73E12455D12800D3F548 /* RuntimeCalculator.swift in Sources */ = {isa = PBXBuildFile; fileRef = D6CE73E02455D12800D3F548 /* RuntimeCalculator.swift */; };
		D6CE73E32455D17D00D3F548 /* CreatePassword.swift in Sources */ = {isa = PBXBuildFile; fileRef = D6CE73E22455D17D00D3F548 /* CreatePassword.swift */; };
		D6CE73E52455D1CB00D3F548 /* CalculateMinUniqueIDs.swift in Sources */ = {isa = PBXBuildFile; fileRef = D6CE73E42455D1CB00D3F548 /* CalculateMinUniqueIDs.swift */; };
		D6CE74352457039200D3F548 /* MaxMinSubsetDiff.swift in Sources */ = {isa = PBXBuildFile; fileRef = D6CE74342457039200D3F548 /* MaxMinSubsetDiff.swift */; };
		D6F4D38826C2F93E005AB3FC /* SumOf3Integers.swift in Sources */ = {isa = PBXBuildFile; fileRef = D6F4D38726C2F93E005AB3FC /* SumOf3Integers.swift */; };
		D6F4D38A26C3027E005AB3FC /* MergeOverlapIntervals.swift in Sources */ = {isa = PBXBuildFile; fileRef = D6F4D38926C3027E005AB3FC /* MergeOverlapIntervals.swift */; };
/* End PBXBuildFile section */

/* Begin PBXContainerItemProxy section */
		D61DE09C253B340800A17BC6 /* PBXContainerItemProxy */ = {
			isa = PBXContainerItemProxy;
			containerPortal = D6CE73BF2455CEDA00D3F548 /* Project object */;
			proxyType = 1;
			remoteGlobalIDString = D6CE73C62455CEDA00D3F548;
			remoteInfo = "VA-Test-Questions";
		};
/* End PBXContainerItemProxy section */

/* Begin PBXFileReference section */
		D603BA9424647FA8005DE362 /* Two_Strings.swift */ = {isa = PBXFileReference; lastKnownFileType = sourcecode.swift; path = Two_Strings.swift; sourceTree = "<group>"; };
		D603BA962464874B005DE362 /* SherlockAnagrams.swift */ = {isa = PBXFileReference; lastKnownFileType = sourcecode.swift; path = SherlockAnagrams.swift; sourceTree = "<group>"; };
		D603BAB62466A985005DE362 /* Min_Swaps.swift */ = {isa = PBXFileReference; lastKnownFileType = sourcecode.swift; path = Min_Swaps.swift; sourceTree = "<group>"; };
		D603BAB82466BE93005DE362 /* Codility.swift */ = {isa = PBXFileReference; lastKnownFileType = sourcecode.swift; path = Codility.swift; sourceTree = "<group>"; };
		D60C1256246DACC100C5B5C8 /* MinBuildingPaintingCost.swift */ = {isa = PBXFileReference; lastKnownFileType = sourcecode.swift; path = MinBuildingPaintingCost.swift; sourceTree = "<group>"; };
		D61DE05D25398C0400A17BC6 /* Queue.swift */ = {isa = PBXFileReference; lastKnownFileType = sourcecode.swift; path = Queue.swift; sourceTree = "<group>"; };
		D61DE05F253AC8BD00A17BC6 /* TurnstileProblem.swift */ = {isa = PBXFileReference; lastKnownFileType = sourcecode.swift; path = TurnstileProblem.swift; sourceTree = "<group>"; };
		D61DE08F253B141A00A17BC6 /* MaxSumOfTwoNumInArray.swift */ = {isa = PBXFileReference; lastKnownFileType = sourcecode.swift; path = MaxSumOfTwoNumInArray.swift; sourceTree = "<group>"; };
		D61DE091253B14B300A17BC6 /* FowlHenEggProblem.swift */ = {isa = PBXFileReference; lastKnownFileType = sourcecode.swift; path = FowlHenEggProblem.swift; sourceTree = "<group>"; };
		D61DE097253B340800A17BC6 /* VA-Test-QuestionsTests.xctest */ = {isa = PBXFileReference; explicitFileType = wrapper.cfbundle; includeInIndex = 0; path = "VA-Test-QuestionsTests.xctest"; sourceTree = BUILT_PRODUCTS_DIR; };
		D61DE099253B340800A17BC6 /* FowlHenEggProblemTests.swift */ = {isa = PBXFileReference; lastKnownFileType = sourcecode.swift; path = FowlHenEggProblemTests.swift; sourceTree = "<group>"; };
		D61DE09B253B340800A17BC6 /* Info.plist */ = {isa = PBXFileReference; lastKnownFileType = text.plist.xml; path = Info.plist; sourceTree = "<group>"; };
		D65D6E292473C5D500D008A7 /* StingsHasAllSubStringChars.swift */ = {isa = PBXFileReference; lastKnownFileType = sourcecode.swift; path = StingsHasAllSubStringChars.swift; sourceTree = "<group>"; };
		D660A5E324683E200083228D /* CountTriplets.swift */ = {isa = PBXFileReference; lastKnownFileType = sourcecode.swift; path = CountTriplets.swift; sourceTree = "<group>"; };
		D66B30FE24607C6B00810290 /* SockMerchant.swift */ = {isa = PBXFileReference; lastKnownFileType = sourcecode.swift; path = SockMerchant.swift; sourceTree = "<group>"; };
		D66B3100246085D700810290 /* CountingValleys.swift */ = {isa = PBXFileReference; lastKnownFileType = sourcecode.swift; path = CountingValleys.swift; sourceTree = "<group>"; };
		D66B31042461CFBC00810290 /* JumpingOnTheCloud.swift */ = {isa = PBXFileReference; lastKnownFileType = sourcecode.swift; path = JumpingOnTheCloud.swift; sourceTree = "<group>"; };
		D66B31062461E07600810290 /* RepeatedString.swift */ = {isa = PBXFileReference; lastKnownFileType = sourcecode.swift; path = RepeatedString.swift; sourceTree = "<group>"; };
		D66B316724630DB500810290 /* ArrayRotation.swift */ = {isa = PBXFileReference; lastKnownFileType = sourcecode.swift; path = ArrayRotation.swift; sourceTree = "<group>"; };
		D66B316924631DB400810290 /* NewYearChaos.swift */ = {isa = PBXFileReference; lastKnownFileType = sourcecode.swift; path = NewYearChaos.swift; sourceTree = "<group>"; };
		D66B316B2464750500810290 /* Ransom_Note.swift */ = {isa = PBXFileReference; lastKnownFileType = sourcecode.swift; path = Ransom_Note.swift; sourceTree = "<group>"; };
		D66C6599253B9561006B3CD9 /* StockPrice.swift */ = {isa = PBXFileReference; lastKnownFileType = sourcecode.swift; path = StockPrice.swift; sourceTree = "<group>"; };
		D66C659F253BB344006B3CD9 /* Data */ = {isa = PBXFileReference; lastKnownFileType = folder; path = Data; sourceTree = "<group>"; };
		D69593E9280FBBF900669793 /* IndexPairInArrayForAGivenSum.swift */ = {isa = PBXFileReference; lastKnownFileType = sourcecode.swift; path = IndexPairInArrayForAGivenSum.swift; sourceTree = "<group>"; };
		D69BBE11245EC5D200D6E6E6 /* ArrayPairs.swift */ = {isa = PBXFileReference; lastKnownFileType = sourcecode.swift; path = ArrayPairs.swift; sourceTree = "<group>"; };
		D6A0DE1B246B12E400541086 /* MarkAndToys.swift */ = {isa = PBXFileReference; lastKnownFileType = sourcecode.swift; path = MarkAndToys.swift; sourceTree = "<group>"; };
		D6A0DE1D246B1A1B00541086 /* FraudulentActivityNotification.swift */ = {isa = PBXFileReference; lastKnownFileType = sourcecode.swift; path = FraudulentActivityNotification.swift; sourceTree = "<group>"; };
		D6AFD67B245C111D0021D081 /* MaxSum_HourGlass.swift */ = {isa = PBXFileReference; lastKnownFileType = sourcecode.swift; path = MaxSum_HourGlass.swift; sourceTree = "<group>"; };
		D6AFD67D245C2B150021D081 /* DynamicArray.swift */ = {isa = PBXFileReference; lastKnownFileType = sourcecode.swift; path = DynamicArray.swift; sourceTree = "<group>"; };
		D6AFD6B2245D73A70021D081 /* ArrayManipulation.swift */ = {isa = PBXFileReference; lastKnownFileType = sourcecode.swift; path = ArrayManipulation.swift; sourceTree = "<group>"; };
		D6CE73C72455CEDA00D3F548 /* VA-Test-Questions.app */ = {isa = PBXFileReference; explicitFileType = wrapper.application; includeInIndex = 0; path = "VA-Test-Questions.app"; sourceTree = BUILT_PRODUCTS_DIR; };
		D6CE73CA2455CEDA00D3F548 /* AppDelegate.swift */ = {isa = PBXFileReference; lastKnownFileType = sourcecode.swift; path = AppDelegate.swift; sourceTree = "<group>"; };
		D6CE73CE2455CEDA00D3F548 /* ViewController.swift */ = {isa = PBXFileReference; lastKnownFileType = sourcecode.swift; path = ViewController.swift; sourceTree = "<group>"; };
		D6CE73D12455CEDA00D3F548 /* Base */ = {isa = PBXFileReference; lastKnownFileType = file.storyboard; name = Base; path = Base.lproj/Main.storyboard; sourceTree = "<group>"; };
		D6CE73D32455CEDC00D3F548 /* Assets.xcassets */ = {isa = PBXFileReference; lastKnownFileType = folder.assetcatalog; path = Assets.xcassets; sourceTree = "<group>"; };
		D6CE73D62455CEDC00D3F548 /* Base */ = {isa = PBXFileReference; lastKnownFileType = file.storyboard; name = Base; path = Base.lproj/LaunchScreen.storyboard; sourceTree = "<group>"; };
		D6CE73D82455CEDC00D3F548 /* Info.plist */ = {isa = PBXFileReference; lastKnownFileType = text.plist.xml; path = Info.plist; sourceTree = "<group>"; };
		D6CE73DE2455CF3C00D3F548 /* FizzBuzz.swift */ = {isa = PBXFileReference; lastKnownFileType = sourcecode.swift; path = FizzBuzz.swift; sourceTree = "<group>"; };
		D6CE73E02455D12800D3F548 /* RuntimeCalculator.swift */ = {isa = PBXFileReference; lastKnownFileType = sourcecode.swift; path = RuntimeCalculator.swift; sourceTree = "<group>"; };
		D6CE73E22455D17D00D3F548 /* CreatePassword.swift */ = {isa = PBXFileReference; lastKnownFileType = sourcecode.swift; path = CreatePassword.swift; sourceTree = "<group>"; };
		D6CE73E42455D1CB00D3F548 /* CalculateMinUniqueIDs.swift */ = {isa = PBXFileReference; lastKnownFileType = sourcecode.swift; path = CalculateMinUniqueIDs.swift; sourceTree = "<group>"; };
		D6CE74342457039200D3F548 /* MaxMinSubsetDiff.swift */ = {isa = PBXFileReference; lastKnownFileType = sourcecode.swift; path = MaxMinSubsetDiff.swift; sourceTree = "<group>"; };
		D6F4D38726C2F93E005AB3FC /* SumOf3Integers.swift */ = {isa = PBXFileReference; lastKnownFileType = sourcecode.swift; path = SumOf3Integers.swift; sourceTree = "<group>"; };
		D6F4D38926C3027E005AB3FC /* MergeOverlapIntervals.swift */ = {isa = PBXFileReference; lastKnownFileType = sourcecode.swift; path = MergeOverlapIntervals.swift; sourceTree = "<group>"; };
/* End PBXFileReference section */

/* Begin PBXFrameworksBuildPhase section */
		D61DE094253B340800A17BC6 /* Frameworks */ = {
			isa = PBXFrameworksBuildPhase;
			buildActionMask = 2147483647;
			files = (
			);
			runOnlyForDeploymentPostprocessing = 0;
		};
		D6CE73C42455CEDA00D3F548 /* Frameworks */ = {
			isa = PBXFrameworksBuildPhase;
			buildActionMask = 2147483647;
			files = (
			);
			runOnlyForDeploymentPostprocessing = 0;
		};
/* End PBXFrameworksBuildPhase section */

/* Begin PBXGroup section */
		D61DE098253B340800A17BC6 /* VA-Test-QuestionsTests */ = {
			isa = PBXGroup;
			children = (
				D61DE0A1253B342200A17BC6 /* Problems Tests */,
				D61DE09B253B340800A17BC6 /* Info.plist */,
			);
			path = "VA-Test-QuestionsTests";
			sourceTree = "<group>";
		};
		D61DE0A1253B342200A17BC6 /* Problems Tests */ = {
			isa = PBXGroup;
			children = (
				D61DE099253B340800A17BC6 /* FowlHenEggProblemTests.swift */,
			);
			path = "Problems Tests";
			sourceTree = "<group>";
		};
		D66B310824629A2800810290 /* Problems */ = {
			isa = PBXGroup;
			children = (
				D6CE73DE2455CF3C00D3F548 /* FizzBuzz.swift */,
				D6CE73E02455D12800D3F548 /* RuntimeCalculator.swift */,
				D6CE73E22455D17D00D3F548 /* CreatePassword.swift */,
				D6CE73E42455D1CB00D3F548 /* CalculateMinUniqueIDs.swift */,
				D6CE74342457039200D3F548 /* MaxMinSubsetDiff.swift */,
				D6AFD67B245C111D0021D081 /* MaxSum_HourGlass.swift */,
				D6AFD67D245C2B150021D081 /* DynamicArray.swift */,
				D6AFD6B2245D73A70021D081 /* ArrayManipulation.swift */,
				D69BBE11245EC5D200D6E6E6 /* ArrayPairs.swift */,
				D66B30FE24607C6B00810290 /* SockMerchant.swift */,
				D66B3100246085D700810290 /* CountingValleys.swift */,
				D66B31042461CFBC00810290 /* JumpingOnTheCloud.swift */,
				D66B31062461E07600810290 /* RepeatedString.swift */,
				D66B316724630DB500810290 /* ArrayRotation.swift */,
				D66B316924631DB400810290 /* NewYearChaos.swift */,
				D66B316B2464750500810290 /* Ransom_Note.swift */,
				D603BA9424647FA8005DE362 /* Two_Strings.swift */,
				D603BA962464874B005DE362 /* SherlockAnagrams.swift */,
				D603BAB62466A985005DE362 /* Min_Swaps.swift */,
				D603BAB82466BE93005DE362 /* Codility.swift */,
				D660A5E324683E200083228D /* CountTriplets.swift */,
				D6A0DE1B246B12E400541086 /* MarkAndToys.swift */,
				D6A0DE1D246B1A1B00541086 /* FraudulentActivityNotification.swift */,
				D60C1256246DACC100C5B5C8 /* MinBuildingPaintingCost.swift */,
				D65D6E292473C5D500D008A7 /* StingsHasAllSubStringChars.swift */,
				D61DE05D25398C0400A17BC6 /* Queue.swift */,
				D61DE05F253AC8BD00A17BC6 /* TurnstileProblem.swift */,
				D61DE08F253B141A00A17BC6 /* MaxSumOfTwoNumInArray.swift */,
				D61DE091253B14B300A17BC6 /* FowlHenEggProblem.swift */,
				D66C6599253B9561006B3CD9 /* StockPrice.swift */,
				D6F4D38726C2F93E005AB3FC /* SumOf3Integers.swift */,
				D6F4D38926C3027E005AB3FC /* MergeOverlapIntervals.swift */,
				D69593E9280FBBF900669793 /* IndexPairInArrayForAGivenSum.swift */,
			);
			name = Problems;
			sourceTree = "<group>";
		};
		D6CE73BE2455CEDA00D3F548 = {
			isa = PBXGroup;
			children = (
				D6CE73C92455CEDA00D3F548 /* VA-Test-Questions */,
				D61DE098253B340800A17BC6 /* VA-Test-QuestionsTests */,
				D6CE73C82455CEDA00D3F548 /* Products */,
			);
			sourceTree = "<group>";
		};
		D6CE73C82455CEDA00D3F548 /* Products */ = {
			isa = PBXGroup;
			children = (
				D6CE73C72455CEDA00D3F548 /* VA-Test-Questions.app */,
				D61DE097253B340800A17BC6 /* VA-Test-QuestionsTests.xctest */,
			);
			name = Products;
			sourceTree = "<group>";
		};
		D6CE73C92455CEDA00D3F548 /* VA-Test-Questions */ = {
			isa = PBXGroup;
			children = (
				D6CE73CA2455CEDA00D3F548 /* AppDelegate.swift */,
				D6CE73CE2455CEDA00D3F548 /* ViewController.swift */,
				D6CE73D02455CEDA00D3F548 /* Main.storyboard */,
				D6CE73D32455CEDC00D3F548 /* Assets.xcassets */,
				D6CE73D52455CEDC00D3F548 /* LaunchScreen.storyboard */,
				D6CE73D82455CEDC00D3F548 /* Info.plist */,
				D66C659F253BB344006B3CD9 /* Data */,
				D66B310824629A2800810290 /* Problems */,
			);
			path = "VA-Test-Questions";
			sourceTree = "<group>";
		};
/* End PBXGroup section */

/* Begin PBXNativeTarget section */
		D61DE096253B340800A17BC6 /* VA-Test-QuestionsTests */ = {
			isa = PBXNativeTarget;
			buildConfigurationList = D61DE09E253B340800A17BC6 /* Build configuration list for PBXNativeTarget "VA-Test-QuestionsTests" */;
			buildPhases = (
				D61DE093253B340800A17BC6 /* Sources */,
				D61DE094253B340800A17BC6 /* Frameworks */,
				D61DE095253B340800A17BC6 /* Resources */,
			);
			buildRules = (
			);
			dependencies = (
				D61DE09D253B340800A17BC6 /* PBXTargetDependency */,
			);
			name = "VA-Test-QuestionsTests";
			productName = "VA-Test-QuestionsTests";
			productReference = D61DE097253B340800A17BC6 /* VA-Test-QuestionsTests.xctest */;
			productType = "com.apple.product-type.bundle.unit-test";
		};
		D6CE73C62455CEDA00D3F548 /* VA-Test-Questions */ = {
			isa = PBXNativeTarget;
			buildConfigurationList = D6CE73DB2455CEDC00D3F548 /* Build configuration list for PBXNativeTarget "VA-Test-Questions" */;
			buildPhases = (
				D6CE73C32455CEDA00D3F548 /* Sources */,
				D6CE73C42455CEDA00D3F548 /* Frameworks */,
				D6CE73C52455CEDA00D3F548 /* Resources */,
			);
			buildRules = (
			);
			dependencies = (
			);
			name = "VA-Test-Questions";
			productName = "VA-Test-Questions";
			productReference = D6CE73C72455CEDA00D3F548 /* VA-Test-Questions.app */;
			productType = "com.apple.product-type.application";
		};
/* End PBXNativeTarget section */

/* Begin PBXProject section */
		D6CE73BF2455CEDA00D3F548 /* Project object */ = {
			isa = PBXProject;
			attributes = {
				LastSwiftUpdateCheck = 1170;
				LastUpgradeCheck = 1130;
				ORGANIZATIONNAME = "Vikash Anand";
				TargetAttributes = {
					D61DE096253B340800A17BC6 = {
						CreatedOnToolsVersion = 11.7;
						TestTargetID = D6CE73C62455CEDA00D3F548;
					};
					D6CE73C62455CEDA00D3F548 = {
						CreatedOnToolsVersion = 11.3;
					};
				};
			};
			buildConfigurationList = D6CE73C22455CEDA00D3F548 /* Build configuration list for PBXProject "VA-Test-Questions" */;
			compatibilityVersion = "Xcode 9.3";
			developmentRegion = en;
			hasScannedForEncodings = 0;
			knownRegions = (
				en,
				Base,
			);
			mainGroup = D6CE73BE2455CEDA00D3F548;
			productRefGroup = D6CE73C82455CEDA00D3F548 /* Products */;
			projectDirPath = "";
			projectRoot = "";
			targets = (
				D6CE73C62455CEDA00D3F548 /* VA-Test-Questions */,
				D61DE096253B340800A17BC6 /* VA-Test-QuestionsTests */,
			);
		};
/* End PBXProject section */

/* Begin PBXResourcesBuildPhase section */
		D61DE095253B340800A17BC6 /* Resources */ = {
			isa = PBXResourcesBuildPhase;
			buildActionMask = 2147483647;
			files = (
			);
			runOnlyForDeploymentPostprocessing = 0;
		};
		D6CE73C52455CEDA00D3F548 /* Resources */ = {
			isa = PBXResourcesBuildPhase;
			buildActionMask = 2147483647;
			files = (
				D6CE73D72455CEDC00D3F548 /* LaunchScreen.storyboard in Resources */,
				D6CE73D42455CEDC00D3F548 /* Assets.xcassets in Resources */,
				D66C65A0253BB345006B3CD9 /* Data in Resources */,
				D6CE73D22455CEDA00D3F548 /* Main.storyboard in Resources */,
			);
			runOnlyForDeploymentPostprocessing = 0;
		};
/* End PBXResourcesBuildPhase section */

/* Begin PBXSourcesBuildPhase section */
		D61DE093253B340800A17BC6 /* Sources */ = {
			isa = PBXSourcesBuildPhase;
			buildActionMask = 2147483647;
			files = (
				D61DE09A253B340800A17BC6 /* FowlHenEggProblemTests.swift in Sources */,
			);
			runOnlyForDeploymentPostprocessing = 0;
		};
		D6CE73C32455CEDA00D3F548 /* Sources */ = {
			isa = PBXSourcesBuildPhase;
			buildActionMask = 2147483647;
			files = (
				D603BAB72466A985005DE362 /* Min_Swaps.swift in Sources */,
				D60C1257246DACC100C5B5C8 /* MinBuildingPaintingCost.swift in Sources */,
				D65D6E2A2473C5D500D008A7 /* StingsHasAllSubStringChars.swift in Sources */,
				D69593EA280FBBF900669793 /* IndexPairInArrayForAGivenSum.swift in Sources */,
				D6F4D38826C2F93E005AB3FC /* SumOf3Integers.swift in Sources */,
				D6A0DE1C246B12E400541086 /* MarkAndToys.swift in Sources */,
				D6F4D38A26C3027E005AB3FC /* MergeOverlapIntervals.swift in Sources */,
				D6AFD6B3245D73A70021D081 /* ArrayManipulation.swift in Sources */,
				D66B316C2464750500810290 /* Ransom_Note.swift in Sources */,
				D6CE73E12455D12800D3F548 /* RuntimeCalculator.swift in Sources */,
				D66B316A24631DB400810290 /* NewYearChaos.swift in Sources */,
				D6CE73CF2455CEDA00D3F548 /* ViewController.swift in Sources */,
				D6CE73CB2455CEDA00D3F548 /* AppDelegate.swift in Sources */,
				D6AFD67E245C2B150021D081 /* DynamicArray.swift in Sources */,
				D6AFD67C245C111D0021D081 /* MaxSum_HourGlass.swift in Sources */,
				D61DE090253B141A00A17BC6 /* MaxSumOfTwoNumInArray.swift in Sources */,
				D61DE092253B14B300A17BC6 /* FowlHenEggProblem.swift in Sources */,
				D660A5E424683E200083228D /* CountTriplets.swift in Sources */,
				D6CE74352457039200D3F548 /* MaxMinSubsetDiff.swift in Sources */,
				D66C659A253B9561006B3CD9 /* StockPrice.swift in Sources */,
				D603BA9524647FA8005DE362 /* Two_Strings.swift in Sources */,
				D603BA972464874B005DE362 /* SherlockAnagrams.swift in Sources */,
				D66B3101246085D700810290 /* CountingValleys.swift in Sources */,
				D6A0DE1E246B1A1B00541086 /* FraudulentActivityNotification.swift in Sources */,
				D66B31072461E07600810290 /* RepeatedString.swift in Sources */,
				D66B30FF24607C6B00810290 /* SockMerchant.swift in Sources */,
				D69BBE12245EC5D200D6E6E6 /* ArrayPairs.swift in Sources */,
				D603BAB92466BE93005DE362 /* Codility.swift in Sources */,
				D6CE73E52455D1CB00D3F548 /* CalculateMinUniqueIDs.swift in Sources */,
				D66B31052461CFBC00810290 /* JumpingOnTheCloud.swift in Sources */,
				D66B316824630DB500810290 /* ArrayRotation.swift in Sources */,
				D61DE060253AC8BD00A17BC6 /* TurnstileProblem.swift in Sources */,
				D6CE73DF2455CF3C00D3F548 /* FizzBuzz.swift in Sources */,
				D61DE05E25398C0400A17BC6 /* Queue.swift in Sources */,
				D6CE73E32455D17D00D3F548 /* CreatePassword.swift in Sources */,
			);
			runOnlyForDeploymentPostprocessing = 0;
		};
/* End PBXSourcesBuildPhase section */

/* Begin PBXTargetDependency section */
		D61DE09D253B340800A17BC6 /* PBXTargetDependency */ = {
			isa = PBXTargetDependency;
			target = D6CE73C62455CEDA00D3F548 /* VA-Test-Questions */;
			targetProxy = D61DE09C253B340800A17BC6 /* PBXContainerItemProxy */;
		};
/* End PBXTargetDependency section */

/* Begin PBXVariantGroup section */
		D6CE73D02455CEDA00D3F548 /* Main.storyboard */ = {
			isa = PBXVariantGroup;
			children = (
				D6CE73D12455CEDA00D3F548 /* Base */,
			);
			name = Main.storyboard;
			sourceTree = "<group>";
		};
		D6CE73D52455CEDC00D3F548 /* LaunchScreen.storyboard */ = {
			isa = PBXVariantGroup;
			children = (
				D6CE73D62455CEDC00D3F548 /* Base */,
			);
			name = LaunchScreen.storyboard;
			sourceTree = "<group>";
		};
/* End PBXVariantGroup section */

/* Begin XCBuildConfiguration section */
		D61DE09F253B340800A17BC6 /* Debug */ = {
			isa = XCBuildConfiguration;
			buildSettings = {
				BUNDLE_LOADER = "$(TEST_HOST)";
				CODE_SIGN_STYLE = Automatic;
				DEVELOPMENT_TEAM = B6LN4XWA2V;
				INFOPLIST_FILE = "VA-Test-QuestionsTests/Info.plist";
				IPHONEOS_DEPLOYMENT_TARGET = 13.7;
				LD_RUNPATH_SEARCH_PATHS = (
					"$(inherited)",
					"@executable_path/Frameworks",
					"@loader_path/Frameworks",
				);
				PRODUCT_BUNDLE_IDENTIFIER = "com.va.VA-Test-QuestionsTests";
				PRODUCT_NAME = "$(TARGET_NAME)";
				SWIFT_VERSION = 5.0;
				TARGETED_DEVICE_FAMILY = "1,2";
				TEST_HOST = "$(BUILT_PRODUCTS_DIR)/VA-Test-Questions.app/VA-Test-Questions";
			};
			name = Debug;
		};
		D61DE0A0253B340800A17BC6 /* Release */ = {
			isa = XCBuildConfiguration;
			buildSettings = {
				BUNDLE_LOADER = "$(TEST_HOST)";
				CODE_SIGN_STYLE = Automatic;
				DEVELOPMENT_TEAM = B6LN4XWA2V;
				INFOPLIST_FILE = "VA-Test-QuestionsTests/Info.plist";
				IPHONEOS_DEPLOYMENT_TARGET = 13.7;
				LD_RUNPATH_SEARCH_PATHS = (
					"$(inherited)",
					"@executable_path/Frameworks",
					"@loader_path/Frameworks",
				);
				PRODUCT_BUNDLE_IDENTIFIER = "com.va.VA-Test-QuestionsTests";
				PRODUCT_NAME = "$(TARGET_NAME)";
				SWIFT_VERSION = 5.0;
				TARGETED_DEVICE_FAMILY = "1,2";
				TEST_HOST = "$(BUILT_PRODUCTS_DIR)/VA-Test-Questions.app/VA-Test-Questions";
			};
			name = Release;
		};
		D6CE73D92455CEDC00D3F548 /* Debug */ = {
			isa = XCBuildConfiguration;
			buildSettings = {
				ALWAYS_SEARCH_USER_PATHS = NO;
				CLANG_ANALYZER_NONNULL = YES;
				CLANG_ANALYZER_NUMBER_OBJECT_CONVERSION = YES_AGGRESSIVE;
				CLANG_CXX_LANGUAGE_STANDARD = "gnu++14";
				CLANG_CXX_LIBRARY = "libc++";
				CLANG_ENABLE_MODULES = YES;
				CLANG_ENABLE_OBJC_ARC = YES;
				CLANG_ENABLE_OBJC_WEAK = YES;
				CLANG_WARN_BLOCK_CAPTURE_AUTORELEASING = YES;
				CLANG_WARN_BOOL_CONVERSION = YES;
				CLANG_WARN_COMMA = YES;
				CLANG_WARN_CONSTANT_CONVERSION = YES;
				CLANG_WARN_DEPRECATED_OBJC_IMPLEMENTATIONS = YES;
				CLANG_WARN_DIRECT_OBJC_ISA_USAGE = YES_ERROR;
				CLANG_WARN_DOCUMENTATION_COMMENTS = YES;
				CLANG_WARN_EMPTY_BODY = YES;
				CLANG_WARN_ENUM_CONVERSION = YES;
				CLANG_WARN_INFINITE_RECURSION = YES;
				CLANG_WARN_INT_CONVERSION = YES;
				CLANG_WARN_NON_LITERAL_NULL_CONVERSION = YES;
				CLANG_WARN_OBJC_IMPLICIT_RETAIN_SELF = YES;
				CLANG_WARN_OBJC_LITERAL_CONVERSION = YES;
				CLANG_WARN_OBJC_ROOT_CLASS = YES_ERROR;
				CLANG_WARN_RANGE_LOOP_ANALYSIS = YES;
				CLANG_WARN_STRICT_PROTOTYPES = YES;
				CLANG_WARN_SUSPICIOUS_MOVE = YES;
				CLANG_WARN_UNGUARDED_AVAILABILITY = YES_AGGRESSIVE;
				CLANG_WARN_UNREACHABLE_CODE = YES;
				CLANG_WARN__DUPLICATE_METHOD_MATCH = YES;
				COPY_PHASE_STRIP = NO;
				DEBUG_INFORMATION_FORMAT = dwarf;
				ENABLE_STRICT_OBJC_MSGSEND = YES;
				ENABLE_TESTABILITY = YES;
				GCC_C_LANGUAGE_STANDARD = gnu11;
				GCC_DYNAMIC_NO_PIC = NO;
				GCC_NO_COMMON_BLOCKS = YES;
				GCC_OPTIMIZATION_LEVEL = 0;
				GCC_PREPROCESSOR_DEFINITIONS = (
					"DEBUG=1",
					"$(inherited)",
				);
				GCC_WARN_64_TO_32_BIT_CONVERSION = YES;
				GCC_WARN_ABOUT_RETURN_TYPE = YES_ERROR;
				GCC_WARN_UNDECLARED_SELECTOR = YES;
				GCC_WARN_UNINITIALIZED_AUTOS = YES_AGGRESSIVE;
				GCC_WARN_UNUSED_FUNCTION = YES;
				GCC_WARN_UNUSED_VARIABLE = YES;
				IPHONEOS_DEPLOYMENT_TARGET = 13.2;
				MTL_ENABLE_DEBUG_INFO = INCLUDE_SOURCE;
				MTL_FAST_MATH = YES;
				ONLY_ACTIVE_ARCH = YES;
				SDKROOT = iphoneos;
				SWIFT_ACTIVE_COMPILATION_CONDITIONS = DEBUG;
				SWIFT_OPTIMIZATION_LEVEL = "-Onone";
			};
			name = Debug;
		};
		D6CE73DA2455CEDC00D3F548 /* Release */ = {
			isa = XCBuildConfiguration;
			buildSettings = {
				ALWAYS_SEARCH_USER_PATHS = NO;
				CLANG_ANALYZER_NONNULL = YES;
				CLANG_ANALYZER_NUMBER_OBJECT_CONVERSION = YES_AGGRESSIVE;
				CLANG_CXX_LANGUAGE_STANDARD = "gnu++14";
				CLANG_CXX_LIBRARY = "libc++";
				CLANG_ENABLE_MODULES = YES;
				CLANG_ENABLE_OBJC_ARC = YES;
				CLANG_ENABLE_OBJC_WEAK = YES;
				CLANG_WARN_BLOCK_CAPTURE_AUTORELEASING = YES;
				CLANG_WARN_BOOL_CONVERSION = YES;
				CLANG_WARN_COMMA = YES;
				CLANG_WARN_CONSTANT_CONVERSION = YES;
				CLANG_WARN_DEPRECATED_OBJC_IMPLEMENTATIONS = YES;
				CLANG_WARN_DIRECT_OBJC_ISA_USAGE = YES_ERROR;
				CLANG_WARN_DOCUMENTATION_COMMENTS = YES;
				CLANG_WARN_EMPTY_BODY = YES;
				CLANG_WARN_ENUM_CONVERSION = YES;
				CLANG_WARN_INFINITE_RECURSION = YES;
				CLANG_WARN_INT_CONVERSION = YES;
				CLANG_WARN_NON_LITERAL_NULL_CONVERSION = YES;
				CLANG_WARN_OBJC_IMPLICIT_RETAIN_SELF = YES;
				CLANG_WARN_OBJC_LITERAL_CONVERSION = YES;
				CLANG_WARN_OBJC_ROOT_CLASS = YES_ERROR;
				CLANG_WARN_RANGE_LOOP_ANALYSIS = YES;
				CLANG_WARN_STRICT_PROTOTYPES = YES;
				CLANG_WARN_SUSPICIOUS_MOVE = YES;
				CLANG_WARN_UNGUARDED_AVAILABILITY = YES_AGGRESSIVE;
				CLANG_WARN_UNREACHABLE_CODE = YES;
				CLANG_WARN__DUPLICATE_METHOD_MATCH = YES;
				COPY_PHASE_STRIP = NO;
				DEBUG_INFORMATION_FORMAT = "dwarf-with-dsym";
				ENABLE_NS_ASSERTIONS = NO;
				ENABLE_STRICT_OBJC_MSGSEND = YES;
				GCC_C_LANGUAGE_STANDARD = gnu11;
				GCC_NO_COMMON_BLOCKS = YES;
				GCC_WARN_64_TO_32_BIT_CONVERSION = YES;
				GCC_WARN_ABOUT_RETURN_TYPE = YES_ERROR;
				GCC_WARN_UNDECLARED_SELECTOR = YES;
				GCC_WARN_UNINITIALIZED_AUTOS = YES_AGGRESSIVE;
				GCC_WARN_UNUSED_FUNCTION = YES;
				GCC_WARN_UNUSED_VARIABLE = YES;
				IPHONEOS_DEPLOYMENT_TARGET = 13.2;
				MTL_ENABLE_DEBUG_INFO = NO;
				MTL_FAST_MATH = YES;
				SDKROOT = iphoneos;
				SWIFT_COMPILATION_MODE = wholemodule;
				SWIFT_OPTIMIZATION_LEVEL = "-O";
				VALIDATE_PRODUCT = YES;
			};
			name = Release;
		};
		D6CE73DC2455CEDC00D3F548 /* Debug */ = {
			isa = XCBuildConfiguration;
			buildSettings = {
				ASSETCATALOG_COMPILER_APPICON_NAME = AppIcon;
				CODE_SIGN_STYLE = Automatic;
				DEVELOPMENT_TEAM = B6LN4XWA2V;
				INFOPLIST_FILE = "VA-Test-Questions/Info.plist";
				LD_RUNPATH_SEARCH_PATHS = (
					"$(inherited)",
					"@executable_path/Frameworks",
				);
				PRODUCT_BUNDLE_IDENTIFIER = "com.va.VA-Test-Questions";
				PRODUCT_NAME = "$(TARGET_NAME)";
				SWIFT_VERSION = 5.0;
				TARGETED_DEVICE_FAMILY = "1,2";
			};
			name = Debug;
		};
		D6CE73DD2455CEDC00D3F548 /* Release */ = {
			isa = XCBuildConfiguration;
			buildSettings = {
				ASSETCATALOG_COMPILER_APPICON_NAME = AppIcon;
				CODE_SIGN_STYLE = Automatic;
				DEVELOPMENT_TEAM = B6LN4XWA2V;
				INFOPLIST_FILE = "VA-Test-Questions/Info.plist";
				LD_RUNPATH_SEARCH_PATHS = (
					"$(inherited)",
					"@executable_path/Frameworks",
				);
				PRODUCT_BUNDLE_IDENTIFIER = "com.va.VA-Test-Questions";
				PRODUCT_NAME = "$(TARGET_NAME)";
				SWIFT_VERSION = 5.0;
				TARGETED_DEVICE_FAMILY = "1,2";
			};
			name = Release;
		};
/* End XCBuildConfiguration section */

/* Begin XCConfigurationList section */
		D61DE09E253B340800A17BC6 /* Build configuration list for PBXNativeTarget "VA-Test-QuestionsTests" */ = {
			isa = XCConfigurationList;
			buildConfigurations = (
				D61DE09F253B340800A17BC6 /* Debug */,
				D61DE0A0253B340800A17BC6 /* Release */,
			);
			defaultConfigurationIsVisible = 0;
			defaultConfigurationName = Release;
		};
		D6CE73C22455CEDA00D3F548 /* Build configuration list for PBXProject "VA-Test-Questions" */ = {
			isa = XCConfigurationList;
			buildConfigurations = (
				D6CE73D92455CEDC00D3F548 /* Debug */,
				D6CE73DA2455CEDC00D3F548 /* Release */,
			);
			defaultConfigurationIsVisible = 0;
			defaultConfigurationName = Release;
		};
		D6CE73DB2455CEDC00D3F548 /* Build configuration list for PBXNativeTarget "VA-Test-Questions" */ = {
			isa = XCConfigurationList;
			buildConfigurations = (
				D6CE73DC2455CEDC00D3F548 /* Debug */,
				D6CE73DD2455CEDC00D3F548 /* Release */,
			);
			defaultConfigurationIsVisible = 0;
			defaultConfigurationName = Release;
		};
/* End XCConfigurationList section */
	};
	rootObject = D6CE73BF2455CEDA00D3F548 /* Project object */;
}
